
Microsoft Visual Studio Solution File, Format Version 12.00
# Visual Studio Version 17
VisualStudioVersion = 17.5.33627.172
MinimumVisualStudioVersion = 10.0.40219.1
Project("{FAE04EC0-301F-11D3-BF4B-00C04F79EFBC}") = "NasdaqOmxNordicParser", "NasdaqOmxNordicParser\NasdaqOmxNordicParser.csproj", "{9A5D0E1A-7CDA-4611-91DC-E09BE4562F71}"
EndProject
Project("{FAE04EC0-301F-11D3-BF4B-00C04F79EFBC}") = "BourseParser", "BourseParsing\BourseParser.csproj", "{DC0F4ADC-BC38-4587-AE8B-AC0BB88D020D}"
EndProject
Project("{FAE04EC0-301F-11D3-BF4B-00C04F79EFBC}") = "KrxParser", "KrxParser\KrxParser.csproj", "{11B9C983-B4D8-4216-998A-05FE891CBF49}"
EndProject
Global
	GlobalSection(SolutionConfigurationPlatforms) = preSolution
		Debug|Any CPU = Debug|Any CPU
		Release|Any CPU = Release|Any CPU
	EndGlobalSection
	GlobalSection(ProjectConfigurationPlatforms) = postSolution
		{9A5D0E1A-7CDA-4611-91DC-E09BE4562F71}.Debug|Any CPU.ActiveCfg = Debug|Any CPU
		{9A5D0E1A-7CDA-4611-91DC-E09BE4562F71}.Debug|Any CPU.Build.0 = Debug|Any CPU
		{9A5D0E1A-7CDA-4611-91DC-E09BE4562F71}.Release|Any CPU.ActiveCfg = Release|Any CPU
		{9A5D0E1A-7CDA-4611-91DC-E09BE4562F71}.Release|Any CPU.Build.0 = Release|Any CPU
		{DC0F4ADC-BC38-4587-AE8B-AC0BB88D020D}.Debug|Any CPU.ActiveCfg = Debug|Any CPU
		{DC0F4ADC-BC38-4587-AE8B-AC0BB88D020D}.Debug|Any CPU.Build.0 = Debug|Any CPU
		{DC0F4ADC-BC38-4587-AE8B-AC0BB88D020D}.Release|Any CPU.ActiveCfg = Release|Any CPU
		{DC0F4ADC-BC38-4587-AE8B-AC0BB88D020D}.Release|Any CPU.Build.0 = Release|Any CPU
		{11B9C983-B4D8-4216-998A-05FE891CBF49}.Debug|Any CPU.ActiveCfg = Debug|Any CPU
		{11B9C983-B4D8-4216-998A-05FE891CBF49}.Debug|Any CPU.Build.0 = Debug|Any CPU
		{11B9C983-B4D8-4216-998A-05FE891CBF49}.Release|Any CPU.ActiveCfg = Release|Any CPU
		{11B9C983-B4D8-4216-998A-05FE891CBF49}.Release|Any CPU.Build.0 = Release|Any CPU
	EndGlobalSection
	GlobalSection(SolutionProperties) = preSolution
		HideSolutionNode = FALSE
	EndGlobalSection
	GlobalSection(ExtensibilityGlobals) = postSolution
		SolutionGuid = {B9014B59-8F9A-4DB3-ADF7-517101D41DFD}
	EndGlobalSection
EndGlobal
